<?xml version="1.0" encoding="utf-8"?>
<Project ToolsVersion="4.0" xmlns="http://schemas.microsoft.com/developer/msbuild/2003">
  <ItemGroup>
    <ClCompile Include="main.cpp" />
    <ClCompile Include="D3D11Renderer.cpp">
      <Filter>D3D11</Filter>
    </ClCompile>
    <ClCompile Include="FrameBuffer.cpp">
      <Filter>D3D11</Filter>
    </ClCompile>
    <ClCompile Include="StorageBuffer.cpp">
      <Filter>D3D11</Filter>
    </ClCompile>
    <ClCompile Include="ParticleSystem.cpp">
      <Filter>Particles</Filter>
    </ClCompile>
    <ClCompile Include="Scene.cpp">
      <Filter>Scene</Filter>
    </ClCompile>
    <ClCompile Include="StorageSwapBuffer.cpp">
      <Filter>D3D11</Filter>
    </ClCompile>
    <ClCompile Include="Camera.cpp">
      <Filter>Scene</Filter>
    </ClCompile>
    <ClCompile Include="InputManager.cpp">
      <Filter>InputManager</Filter>
    </ClCompile>
  </ItemGroup>
  <ItemGroup>
    <Filter Include="D3D11">
      <UniqueIdentifier>{0ae2bf5e-c245-46e0-8140-7a371d1f7fff}</UniqueIdentifier>
    </Filter>
    <Filter Include="Particles">
      <UniqueIdentifier>{7267642e-c5ef-499a-b7e0-0222dfc9567e}</UniqueIdentifier>
    </Filter>
    <Filter Include="Scene">
      <UniqueIdentifier>{e1dd57b0-13ae-4e76-b397-301f21acb6bf}</UniqueIdentifier>
    </Filter>
    <Filter Include="Tools">
      <UniqueIdentifier>{1584de57-6255-4e92-83c6-0b780f7a72c7}</UniqueIdentifier>
    </Filter>
    <Filter Include="InputManager">
      <UniqueIdentifier>{e3ee95d4-4ca7-4a81-8514-013bd4979166}</UniqueIdentifier>
    </Filter>
  </ItemGroup>
  <ItemGroup>
    <ClInclude Include="D3D11Renderer.hpp">
      <Filter>D3D11</Filter>
    </ClInclude>
    <ClInclude Include="CPUTimer.hpp">
      <Filter>Tools</Filter>
    </ClInclude>
    <ClInclude Include="DxAssert.hpp">
      <Filter>Tools</Filter>
    </ClInclude>
    <ClInclude Include="DxHelp.hpp">
      <Filter>Tools</Filter>
    </ClInclude>
    <ClInclude Include="D3D11Timer.hpp">
      <Filter>Tools</Filter>
    </ClInclude>
    <ClInclude Include="FrameBuffer.hpp">
      <Filter>D3D11</Filter>
    </ClInclude>
    <ClInclude Include="StorageBuffer.hpp">
      <Filter>D3D11</Filter>
    </ClInclude>
    <ClInclude Include="ParticleSystem.hpp">
      <Filter>Particles</Filter>
    </ClInclude>
    <ClInclude Include="Particle.hpp">
      <Filter>Particles</Filter>
    </ClInclude>
    <ClInclude Include="Scene.hpp">
      <Filter>Scene</Filter>
    </ClInclude>
    <ClInclude Include="StorageSwapBuffer.hpp">
      <Filter>D3D11</Filter>
    </ClInclude>
    <ClInclude Include="Camera.hpp">
      <Filter>Scene</Filter>
    </ClInclude>
    <ClInclude Include="InputManager.hpp">
      <Filter>InputManager</Filter>
    </ClInclude>
  </ItemGroup>
  <ItemGroup>
    <None Include="resources\shaders\Particles_Render_GS.hlsl" />
    <None Include="resources\shaders\Particles_Render_PS.hlsl" />
    <None Include="resources\shaders\Particles_Render_VS.hlsl" />
    <None Include="resources\shaders\Particles_Update_CS.hlsl" />
  </ItemGroup>
</Project>