<?xml version="1.0" encoding="utf-8"?>
<Project ToolsVersion="4.0" xmlns="http://schemas.microsoft.com/developer/msbuild/2003">
  <ItemGroup>
    <ClCompile Include="main.cpp" />
    <ClCompile Include="D3D11Renderer.cpp">
      <Filter>D3D11</Filter>
    </ClCompile>
    <ClCompile Include="FrameBuffer.cpp">
      <Filter>D3D11</Filter>
    </ClCompile>
  </ItemGroup>
  <ItemGroup>
    <Filter Include="Tools">
      <UniqueIdentifier>{1584de57-6255-4e92-83c6-0b780f7a72c7}</UniqueIdentifier>
    </Filter>
    <Filter Include="D3D11">
      <UniqueIdentifier>{0ae2bf5e-c245-46e0-8140-7a371d1f7fff}</UniqueIdentifier>
    </Filter>
  </ItemGroup>
  <ItemGroup>
    <ClInclude Include="D3D11Renderer.hpp">
      <Filter>D3D11</Filter>
    </ClInclude>
    <ClInclude Include="CPUTimer.hpp">
      <Filter>Tools</Filter>
    </ClInclude>
    <ClInclude Include="DxAssert.hpp">
      <Filter>Tools</Filter>
    </ClInclude>
    <ClInclude Include="DxHelp.hpp">
      <Filter>Tools</Filter>
    </ClInclude>
    <ClInclude Include="D3D11Timer.hpp">
      <Filter>Tools</Filter>
    </ClInclude>
    <ClInclude Include="FrameBuffer.hpp">
      <Filter>D3D11</Filter>
    </ClInclude>
  </ItemGroup>
</Project>